// !$*UTF8*$!
{
	archiveVersion = 1;
	classes = {
	};
	objectVersion = 56;
	objects = {

/* Begin PBXBuildFile section */
		2265185D92FF07CFB12AC5CD /* Pods_ForDiscovery2_0.framework in Frameworks */ = {isa = PBXBuildFile; fileRef = 8109D8679357C75999A9843A /* Pods_ForDiscovery2_0.framework */; };
		22F3A6D6595B5EEEB7F0CB39 /* Pods_ForDiscovery2_0Tests.framework in Frameworks */ = {isa = PBXBuildFile; fileRef = 929547BB2B30F4BA26C21616 /* Pods_ForDiscovery2_0Tests.framework */; };
		ABA6BF122AFC600900915D29 /* AppDelegate.swift in Sources */ = {isa = PBXBuildFile; fileRef = ABA6BF112AFC600900915D29 /* AppDelegate.swift */; };
		ABA6BF142AFC600900915D29 /* SceneDelegate.swift in Sources */ = {isa = PBXBuildFile; fileRef = ABA6BF132AFC600900915D29 /* SceneDelegate.swift */; };
		ABA6BF162AFC600900915D29 /* ViewController.swift in Sources */ = {isa = PBXBuildFile; fileRef = ABA6BF152AFC600900915D29 /* ViewController.swift */; };
		ABA6BF192AFC600900915D29 /* Main.storyboard in Resources */ = {isa = PBXBuildFile; fileRef = ABA6BF172AFC600900915D29 /* Main.storyboard */; };
		ABA6BF1B2AFC600A00915D29 /* Assets.xcassets in Resources */ = {isa = PBXBuildFile; fileRef = ABA6BF1A2AFC600A00915D29 /* Assets.xcassets */; };
		ABA6BF1E2AFC600A00915D29 /* LaunchScreen.storyboard in Resources */ = {isa = PBXBuildFile; fileRef = ABA6BF1C2AFC600A00915D29 /* LaunchScreen.storyboard */; };
		ABA6BF292AFC600A00915D29 /* ForDiscovery2_0Tests.swift in Sources */ = {isa = PBXBuildFile; fileRef = ABA6BF282AFC600A00915D29 /* ForDiscovery2_0Tests.swift */; };
		ABA6BF332AFC600A00915D29 /* ForDiscovery2_0UITests.swift in Sources */ = {isa = PBXBuildFile; fileRef = ABA6BF322AFC600A00915D29 /* ForDiscovery2_0UITests.swift */; };
		ABA6BF352AFC600A00915D29 /* ForDiscovery2_0UITestsLaunchTests.swift in Sources */ = {isa = PBXBuildFile; fileRef = ABA6BF342AFC600A00915D29 /* ForDiscovery2_0UITestsLaunchTests.swift */; };
		DB1C0D69AE9CA2F962286AA1 /* Pods_ForDiscovery2_0_ForDiscovery2_0UITests.framework in Frameworks */ = {isa = PBXBuildFile; fileRef = 3502BB756075741B4B97C3C5 /* Pods_ForDiscovery2_0_ForDiscovery2_0UITests.framework */; };
/* End PBXBuildFile section */

/* Begin PBXContainerItemProxy section */
		ABA6BF252AFC600A00915D29 /* PBXContainerItemProxy */ = {
			isa = PBXContainerItemProxy;
			containerPortal = ABA6BF062AFC600900915D29 /* Project object */;
			proxyType = 1;
			remoteGlobalIDString = ABA6BF0D2AFC600900915D29;
			remoteInfo = ForDiscovery2.0;
		};
		ABA6BF2F2AFC600A00915D29 /* PBXContainerItemProxy */ = {
			isa = PBXContainerItemProxy;
			containerPortal = ABA6BF062AFC600900915D29 /* Project object */;
			proxyType = 1;
			remoteGlobalIDString = ABA6BF0D2AFC600900915D29;
			remoteInfo = ForDiscovery2.0;
		};
/* End PBXContainerItemProxy section */

/* Begin PBXFileReference section */
		3502BB756075741B4B97C3C5 /* Pods_ForDiscovery2_0_ForDiscovery2_0UITests.framework */ = {isa = PBXFileReference; explicitFileType = wrapper.framework; includeInIndex = 0; path = Pods_ForDiscovery2_0_ForDiscovery2_0UITests.framework; sourceTree = BUILT_PRODUCTS_DIR; };
		8109D8679357C75999A9843A /* Pods_ForDiscovery2_0.framework */ = {isa = PBXFileReference; explicitFileType = wrapper.framework; includeInIndex = 0; path = Pods_ForDiscovery2_0.framework; sourceTree = BUILT_PRODUCTS_DIR; };
		929547BB2B30F4BA26C21616 /* Pods_ForDiscovery2_0Tests.framework */ = {isa = PBXFileReference; explicitFileType = wrapper.framework; includeInIndex = 0; path = Pods_ForDiscovery2_0Tests.framework; sourceTree = BUILT_PRODUCTS_DIR; };
		9DA9A5727E385C368F225377 /* Pods-ForDiscovery2.0-ForDiscovery2.0UITests.debug.xcconfig */ = {isa = PBXFileReference; includeInIndex = 1; lastKnownFileType = text.xcconfig; name = "Pods-ForDiscovery2.0-ForDiscovery2.0UITests.debug.xcconfig"; path = "Target Support Files/Pods-ForDiscovery2.0-ForDiscovery2.0UITests/Pods-ForDiscovery2.0-ForDiscovery2.0UITests.debug.xcconfig"; sourceTree = "<group>"; };
		ABA6BF0E2AFC600900915D29 /* ForDiscovery2.0.app */ = {isa = PBXFileReference; explicitFileType = wrapper.application; includeInIndex = 0; path = ForDiscovery2.0.app; sourceTree = BUILT_PRODUCTS_DIR; };
		ABA6BF112AFC600900915D29 /* AppDelegate.swift */ = {isa = PBXFileReference; lastKnownFileType = sourcecode.swift; path = AppDelegate.swift; sourceTree = "<group>"; };
		ABA6BF132AFC600900915D29 /* SceneDelegate.swift */ = {isa = PBXFileReference; lastKnownFileType = sourcecode.swift; path = SceneDelegate.swift; sourceTree = "<group>"; };
		ABA6BF152AFC600900915D29 /* ViewController.swift */ = {isa = PBXFileReference; lastKnownFileType = sourcecode.swift; path = ViewController.swift; sourceTree = "<group>"; };
		ABA6BF182AFC600900915D29 /* Base */ = {isa = PBXFileReference; lastKnownFileType = file.storyboard; name = Base; path = Base.lproj/Main.storyboard; sourceTree = "<group>"; };
		ABA6BF1A2AFC600A00915D29 /* Assets.xcassets */ = {isa = PBXFileReference; lastKnownFileType = folder.assetcatalog; path = Assets.xcassets; sourceTree = "<group>"; };
		ABA6BF1D2AFC600A00915D29 /* Base */ = {isa = PBXFileReference; lastKnownFileType = file.storyboard; name = Base; path = Base.lproj/LaunchScreen.storyboard; sourceTree = "<group>"; };
		ABA6BF1F2AFC600A00915D29 /* Info.plist */ = {isa = PBXFileReference; lastKnownFileType = text.plist.xml; path = Info.plist; sourceTree = "<group>"; };
		ABA6BF242AFC600A00915D29 /* ForDiscovery2.0Tests.xctest */ = {isa = PBXFileReference; explicitFileType = wrapper.cfbundle; includeInIndex = 0; path = ForDiscovery2.0Tests.xctest; sourceTree = BUILT_PRODUCTS_DIR; };
		ABA6BF282AFC600A00915D29 /* ForDiscovery2_0Tests.swift */ = {isa = PBXFileReference; lastKnownFileType = sourcecode.swift; path = ForDiscovery2_0Tests.swift; sourceTree = "<group>"; };
		ABA6BF2E2AFC600A00915D29 /* ForDiscovery2.0UITests.xctest */ = {isa = PBXFileReference; explicitFileType = wrapper.cfbundle; includeInIndex = 0; path = ForDiscovery2.0UITests.xctest; sourceTree = BUILT_PRODUCTS_DIR; };
		ABA6BF322AFC600A00915D29 /* ForDiscovery2_0UITests.swift */ = {isa = PBXFileReference; lastKnownFileType = sourcecode.swift; path = ForDiscovery2_0UITests.swift; sourceTree = "<group>"; };
		ABA6BF342AFC600A00915D29 /* ForDiscovery2_0UITestsLaunchTests.swift */ = {isa = PBXFileReference; lastKnownFileType = sourcecode.swift; path = ForDiscovery2_0UITestsLaunchTests.swift; sourceTree = "<group>"; };
		CB765870D466FE927D50CE73 /* Pods-ForDiscovery2.0Tests.release.xcconfig */ = {isa = PBXFileReference; includeInIndex = 1; lastKnownFileType = text.xcconfig; name = "Pods-ForDiscovery2.0Tests.release.xcconfig"; path = "Target Support Files/Pods-ForDiscovery2.0Tests/Pods-ForDiscovery2.0Tests.release.xcconfig"; sourceTree = "<group>"; };
		D206ACEFB538FDE80C264DC3 /* Pods-ForDiscovery2.0.release.xcconfig */ = {isa = PBXFileReference; includeInIndex = 1; lastKnownFileType = text.xcconfig; name = "Pods-ForDiscovery2.0.release.xcconfig"; path = "Target Support Files/Pods-ForDiscovery2.0/Pods-ForDiscovery2.0.release.xcconfig"; sourceTree = "<group>"; };
		D96A49465D118A224612B5D4 /* Pods-ForDiscovery2.0Tests.debug.xcconfig */ = {isa = PBXFileReference; includeInIndex = 1; lastKnownFileType = text.xcconfig; name = "Pods-ForDiscovery2.0Tests.debug.xcconfig"; path = "Target Support Files/Pods-ForDiscovery2.0Tests/Pods-ForDiscovery2.0Tests.debug.xcconfig"; sourceTree = "<group>"; };
		DFEA1A741765B472F3C6CD83 /* Pods-ForDiscovery2.0.debug.xcconfig */ = {isa = PBXFileReference; includeInIndex = 1; lastKnownFileType = text.xcconfig; name = "Pods-ForDiscovery2.0.debug.xcconfig"; path = "Target Support Files/Pods-ForDiscovery2.0/Pods-ForDiscovery2.0.debug.xcconfig"; sourceTree = "<group>"; };
		EF35490A4C2015D372867FF1 /* Pods-ForDiscovery2.0-ForDiscovery2.0UITests.release.xcconfig */ = {isa = PBXFileReference; includeInIndex = 1; lastKnownFileType = text.xcconfig; name = "Pods-ForDiscovery2.0-ForDiscovery2.0UITests.release.xcconfig"; path = "Target Support Files/Pods-ForDiscovery2.0-ForDiscovery2.0UITests/Pods-ForDiscovery2.0-ForDiscovery2.0UITests.release.xcconfig"; sourceTree = "<group>"; };
/* End PBXFileReference section */

/* Begin PBXFrameworksBuildPhase section */
		ABA6BF0B2AFC600900915D29 /* Frameworks */ = {
			isa = PBXFrameworksBuildPhase;
			buildActionMask = 2147483647;
			files = (
				2265185D92FF07CFB12AC5CD /* Pods_ForDiscovery2_0.framework in Frameworks */,
			);
			runOnlyForDeploymentPostprocessing = 0;
		};
		ABA6BF212AFC600A00915D29 /* Frameworks */ = {
			isa = PBXFrameworksBuildPhase;
			buildActionMask = 2147483647;
			files = (
				22F3A6D6595B5EEEB7F0CB39 /* Pods_ForDiscovery2_0Tests.framework in Frameworks */,
			);
			runOnlyForDeploymentPostprocessing = 0;
		};
		ABA6BF2B2AFC600A00915D29 /* Frameworks */ = {
			isa = PBXFrameworksBuildPhase;
			buildActionMask = 2147483647;
			files = (
				DB1C0D69AE9CA2F962286AA1 /* Pods_ForDiscovery2_0_ForDiscovery2_0UITests.framework in Frameworks */,
			);
			runOnlyForDeploymentPostprocessing = 0;
		};
/* End PBXFrameworksBuildPhase section */

/* Begin PBXGroup section */
		23C7E252EEA01D7B35FA93E5 /* Frameworks */ = {
			isa = PBXGroup;
			children = (
				8109D8679357C75999A9843A /* Pods_ForDiscovery2_0.framework */,
				3502BB756075741B4B97C3C5 /* Pods_ForDiscovery2_0_ForDiscovery2_0UITests.framework */,
				929547BB2B30F4BA26C21616 /* Pods_ForDiscovery2_0Tests.framework */,
			);
			name = Frameworks;
			sourceTree = "<group>";
		};
		62FB03DE6D08A913094A0971 /* Pods */ = {
			isa = PBXGroup;
			children = (
				DFEA1A741765B472F3C6CD83 /* Pods-ForDiscovery2.0.debug.xcconfig */,
				D206ACEFB538FDE80C264DC3 /* Pods-ForDiscovery2.0.release.xcconfig */,
				9DA9A5727E385C368F225377 /* Pods-ForDiscovery2.0-ForDiscovery2.0UITests.debug.xcconfig */,
				EF35490A4C2015D372867FF1 /* Pods-ForDiscovery2.0-ForDiscovery2.0UITests.release.xcconfig */,
				D96A49465D118A224612B5D4 /* Pods-ForDiscovery2.0Tests.debug.xcconfig */,
				CB765870D466FE927D50CE73 /* Pods-ForDiscovery2.0Tests.release.xcconfig */,
			);
			name = Pods;
			path = Pods;
			sourceTree = "<group>";
		};
		ABA6BF052AFC600900915D29 = {
			isa = PBXGroup;
			children = (
				ABA6BF102AFC600900915D29 /* ForDiscovery2.0 */,
				ABA6BF272AFC600A00915D29 /* ForDiscovery2.0Tests */,
				ABA6BF312AFC600A00915D29 /* ForDiscovery2.0UITests */,
				ABA6BF0F2AFC600900915D29 /* Products */,
				62FB03DE6D08A913094A0971 /* Pods */,
				23C7E252EEA01D7B35FA93E5 /* Frameworks */,
			);
			sourceTree = "<group>";
		};
		ABA6BF0F2AFC600900915D29 /* Products */ = {
			isa = PBXGroup;
			children = (
				ABA6BF0E2AFC600900915D29 /* ForDiscovery2.0.app */,
				ABA6BF242AFC600A00915D29 /* ForDiscovery2.0Tests.xctest */,
				ABA6BF2E2AFC600A00915D29 /* ForDiscovery2.0UITests.xctest */,
			);
			name = Products;
			sourceTree = "<group>";
		};
		ABA6BF102AFC600900915D29 /* ForDiscovery2.0 */ = {
			isa = PBXGroup;
			children = (
				ABA6BF112AFC600900915D29 /* AppDelegate.swift */,
				ABA6BF132AFC600900915D29 /* SceneDelegate.swift */,
				ABA6BF152AFC600900915D29 /* ViewController.swift */,
				ABA6BF172AFC600900915D29 /* Main.storyboard */,
				ABA6BF1A2AFC600A00915D29 /* Assets.xcassets */,
				ABA6BF1C2AFC600A00915D29 /* LaunchScreen.storyboard */,
				ABA6BF1F2AFC600A00915D29 /* Info.plist */,
			);
			path = ForDiscovery2.0;
			sourceTree = "<group>";
		};
		ABA6BF272AFC600A00915D29 /* ForDiscovery2.0Tests */ = {
			isa = PBXGroup;
			children = (
				ABA6BF282AFC600A00915D29 /* ForDiscovery2_0Tests.swift */,
			);
			path = ForDiscovery2.0Tests;
			sourceTree = "<group>";
		};
		ABA6BF312AFC600A00915D29 /* ForDiscovery2.0UITests */ = {
			isa = PBXGroup;
			children = (
				ABA6BF322AFC600A00915D29 /* ForDiscovery2_0UITests.swift */,
				ABA6BF342AFC600A00915D29 /* ForDiscovery2_0UITestsLaunchTests.swift */,
			);
			path = ForDiscovery2.0UITests;
			sourceTree = "<group>";
		};
/* End PBXGroup section */

/* Begin PBXNativeTarget section */
		ABA6BF0D2AFC600900915D29 /* ForDiscovery2.0 */ = {
			isa = PBXNativeTarget;
			buildConfigurationList = ABA6BF382AFC600A00915D29 /* Build configuration list for PBXNativeTarget "ForDiscovery2.0" */;
			buildPhases = (
				A994CF3E19654443AD295376 /* [CP] Check Pods Manifest.lock */,
				ABA6BF0A2AFC600900915D29 /* Sources */,
				ABA6BF0B2AFC600900915D29 /* Frameworks */,
				ABA6BF0C2AFC600900915D29 /* Resources */,
				D097D17F1984D3B7CAAFDF67 /* [CP] Embed Pods Frameworks */,
			);
			buildRules = (
			);
			dependencies = (
			);
			name = ForDiscovery2.0;
			productName = ForDiscovery2.0;
			productReference = ABA6BF0E2AFC600900915D29 /* ForDiscovery2.0.app */;
			productType = "com.apple.product-type.application";
		};
		ABA6BF232AFC600A00915D29 /* ForDiscovery2.0Tests */ = {
			isa = PBXNativeTarget;
			buildConfigurationList = ABA6BF3B2AFC600A00915D29 /* Build configuration list for PBXNativeTarget "ForDiscovery2.0Tests" */;
			buildPhases = (
				985BE01D5AED47404D3A25CC /* [CP] Check Pods Manifest.lock */,
				ABA6BF202AFC600A00915D29 /* Sources */,
				ABA6BF212AFC600A00915D29 /* Frameworks */,
				ABA6BF222AFC600A00915D29 /* Resources */,
			);
			buildRules = (
			);
			dependencies = (
				ABA6BF262AFC600A00915D29 /* PBXTargetDependency */,
			);
			name = ForDiscovery2.0Tests;
			productName = ForDiscovery2.0Tests;
			productReference = ABA6BF242AFC600A00915D29 /* ForDiscovery2.0Tests.xctest */;
			productType = "com.apple.product-type.bundle.unit-test";
		};
		ABA6BF2D2AFC600A00915D29 /* ForDiscovery2.0UITests */ = {
			isa = PBXNativeTarget;
			buildConfigurationList = ABA6BF3E2AFC600A00915D29 /* Build configuration list for PBXNativeTarget "ForDiscovery2.0UITests" */;
			buildPhases = (
				ED89E72CF9900A4CAECE3F1D /* [CP] Check Pods Manifest.lock */,
				ABA6BF2A2AFC600A00915D29 /* Sources */,
				ABA6BF2B2AFC600A00915D29 /* Frameworks */,
				ABA6BF2C2AFC600A00915D29 /* Resources */,
				D74DFC490EBC5B35E87D7758 /* [CP] Embed Pods Frameworks */,
			);
			buildRules = (
			);
			dependencies = (
				ABA6BF302AFC600A00915D29 /* PBXTargetDependency */,
			);
			name = ForDiscovery2.0UITests;
			productName = ForDiscovery2.0UITests;
			productReference = ABA6BF2E2AFC600A00915D29 /* ForDiscovery2.0UITests.xctest */;
			productType = "com.apple.product-type.bundle.ui-testing";
		};
/* End PBXNativeTarget section */

/* Begin PBXProject section */
		ABA6BF062AFC600900915D29 /* Project object */ = {
			isa = PBXProject;
			attributes = {
				BuildIndependentTargetsInParallel = 1;
				LastSwiftUpdateCheck = 1500;
				LastUpgradeCheck = 1500;
				TargetAttributes = {
					ABA6BF0D2AFC600900915D29 = {
						CreatedOnToolsVersion = 15.0.1;
					};
					ABA6BF232AFC600A00915D29 = {
						CreatedOnToolsVersion = 15.0.1;
						TestTargetID = ABA6BF0D2AFC600900915D29;
					};
					ABA6BF2D2AFC600A00915D29 = {
						CreatedOnToolsVersion = 15.0.1;
						TestTargetID = ABA6BF0D2AFC600900915D29;
					};
				};
			};
			buildConfigurationList = ABA6BF092AFC600900915D29 /* Build configuration list for PBXProject "ForDiscovery2.0" */;
			compatibilityVersion = "Xcode 14.0";
			developmentRegion = en;
			hasScannedForEncodings = 0;
			knownRegions = (
				en,
				Base,
			);
			mainGroup = ABA6BF052AFC600900915D29;
			productRefGroup = ABA6BF0F2AFC600900915D29 /* Products */;
			projectDirPath = "";
			projectRoot = "";
			targets = (
				ABA6BF0D2AFC600900915D29 /* ForDiscovery2.0 */,
				ABA6BF232AFC600A00915D29 /* ForDiscovery2.0Tests */,
				ABA6BF2D2AFC600A00915D29 /* ForDiscovery2.0UITests */,
			);
		};
/* End PBXProject section */

/* Begin PBXResourcesBuildPhase section */
		ABA6BF0C2AFC600900915D29 /* Resources */ = {
			isa = PBXResourcesBuildPhase;
			buildActionMask = 2147483647;
			files = (
				ABA6BF1E2AFC600A00915D29 /* LaunchScreen.storyboard in Resources */,
				ABA6BF1B2AFC600A00915D29 /* Assets.xcassets in Resources */,
				ABA6BF192AFC600900915D29 /* Main.storyboard in Resources */,
			);
			runOnlyForDeploymentPostprocessing = 0;
		};
		ABA6BF222AFC600A00915D29 /* Resources */ = {
			isa = PBXResourcesBuildPhase;
			buildActionMask = 2147483647;
			files = (
			);
			runOnlyForDeploymentPostprocessing = 0;
		};
		ABA6BF2C2AFC600A00915D29 /* Resources */ = {
			isa = PBXResourcesBuildPhase;
			buildActionMask = 2147483647;
			files = (
			);
			runOnlyForDeploymentPostprocessing = 0;
		};
/* End PBXResourcesBuildPhase section */

/* Begin PBXShellScriptBuildPhase section */
		985BE01D5AED47404D3A25CC /* [CP] Check Pods Manifest.lock */ = {
			isa = PBXShellScriptBuildPhase;
			buildActionMask = 2147483647;
			files = (
			);
			inputFileListPaths = (
			);
			inputPaths = (
				"${PODS_PODFILE_DIR_PATH}/Podfile.lock",
				"${PODS_ROOT}/Manifest.lock",
			);
			name = "[CP] Check Pods Manifest.lock";
			outputFileListPaths = (
			);
			outputPaths = (
				"$(DERIVED_FILE_DIR)/Pods-ForDiscovery2.0Tests-checkManifestLockResult.txt",
			);
			runOnlyForDeploymentPostprocessing = 0;
			shellPath = /bin/sh;
			shellScript = "diff \"${PODS_PODFILE_DIR_PATH}/Podfile.lock\" \"${PODS_ROOT}/Manifest.lock\" > /dev/null\nif [ $? != 0 ] ; then\n    # print error to STDERR\n    echo \"error: The sandbox is not in sync with the Podfile.lock. Run 'pod install' or update your CocoaPods installation.\" >&2\n    exit 1\nfi\n# This output is used by Xcode 'outputs' to avoid re-running this script phase.\necho \"SUCCESS\" > \"${SCRIPT_OUTPUT_FILE_0}\"\n";
			showEnvVarsInLog = 0;
		};
		A994CF3E19654443AD295376 /* [CP] Check Pods Manifest.lock */ = {
			isa = PBXShellScriptBuildPhase;
			buildActionMask = 2147483647;
			files = (
			);
			inputFileListPaths = (
			);
			inputPaths = (
				"${PODS_PODFILE_DIR_PATH}/Podfile.lock",
				"${PODS_ROOT}/Manifest.lock",
			);
			name = "[CP] Check Pods Manifest.lock";
			outputFileListPaths = (
			);
			outputPaths = (
				"$(DERIVED_FILE_DIR)/Pods-ForDiscovery2.0-checkManifestLockResult.txt",
			);
			runOnlyForDeploymentPostprocessing = 0;
			shellPath = /bin/sh;
			shellScript = "diff \"${PODS_PODFILE_DIR_PATH}/Podfile.lock\" \"${PODS_ROOT}/Manifest.lock\" > /dev/null\nif [ $? != 0 ] ; then\n    # print error to STDERR\n    echo \"error: The sandbox is not in sync with the Podfile.lock. Run 'pod install' or update your CocoaPods installation.\" >&2\n    exit 1\nfi\n# This output is used by Xcode 'outputs' to avoid re-running this script phase.\necho \"SUCCESS\" > \"${SCRIPT_OUTPUT_FILE_0}\"\n";
			showEnvVarsInLog = 0;
		};
		D097D17F1984D3B7CAAFDF67 /* [CP] Embed Pods Frameworks */ = {
			isa = PBXShellScriptBuildPhase;
			buildActionMask = 2147483647;
			files = (
			);
			inputFileListPaths = (
				"${PODS_ROOT}/Target Support Files/Pods-ForDiscovery2.0/Pods-ForDiscovery2.0-frameworks-${CONFIGURATION}-input-files.xcfilelist",
			);
			name = "[CP] Embed Pods Frameworks";
			outputFileListPaths = (
				"${PODS_ROOT}/Target Support Files/Pods-ForDiscovery2.0/Pods-ForDiscovery2.0-frameworks-${CONFIGURATION}-output-files.xcfilelist",
			);
			runOnlyForDeploymentPostprocessing = 0;
			shellPath = /bin/sh;
			shellScript = "\"${PODS_ROOT}/Target Support Files/Pods-ForDiscovery2.0/Pods-ForDiscovery2.0-frameworks.sh\"\n";
			showEnvVarsInLog = 0;
		};
		D74DFC490EBC5B35E87D7758 /* [CP] Embed Pods Frameworks */ = {
			isa = PBXShellScriptBuildPhase;
			buildActionMask = 2147483647;
			files = (
			);
			inputFileListPaths = (
				"${PODS_ROOT}/Target Support Files/Pods-ForDiscovery2.0-ForDiscovery2.0UITests/Pods-ForDiscovery2.0-ForDiscovery2.0UITests-frameworks-${CONFIGURATION}-input-files.xcfilelist",
			);
			name = "[CP] Embed Pods Frameworks";
			outputFileListPaths = (
				"${PODS_ROOT}/Target Support Files/Pods-ForDiscovery2.0-ForDiscovery2.0UITests/Pods-ForDiscovery2.0-ForDiscovery2.0UITests-frameworks-${CONFIGURATION}-output-files.xcfilelist",
			);
			runOnlyForDeploymentPostprocessing = 0;
			shellPath = /bin/sh;
			shellScript = "\"${PODS_ROOT}/Target Support Files/Pods-ForDiscovery2.0-ForDiscovery2.0UITests/Pods-ForDiscovery2.0-ForDiscovery2.0UITests-frameworks.sh\"\n";
			showEnvVarsInLog = 0;
		};
		ED89E72CF9900A4CAECE3F1D /* [CP] Check Pods Manifest.lock */ = {
			isa = PBXShellScriptBuildPhase;
			buildActionMask = 2147483647;
			files = (
			);
			inputFileListPaths = (
			);
			inputPaths = (
				"${PODS_PODFILE_DIR_PATH}/Podfile.lock",
				"${PODS_ROOT}/Manifest.lock",
			);
			name = "[CP] Check Pods Manifest.lock";
			outputFileListPaths = (
			);
			outputPaths = (
				"$(DERIVED_FILE_DIR)/Pods-ForDiscovery2.0-ForDiscovery2.0UITests-checkManifestLockResult.txt",
			);
			runOnlyForDeploymentPostprocessing = 0;
			shellPath = /bin/sh;
			shellScript = "diff \"${PODS_PODFILE_DIR_PATH}/Podfile.lock\" \"${PODS_ROOT}/Manifest.lock\" > /dev/null\nif [ $? != 0 ] ; then\n    # print error to STDERR\n    echo \"error: The sandbox is not in sync with the Podfile.lock. Run 'pod install' or update your CocoaPods installation.\" >&2\n    exit 1\nfi\n# This output is used by Xcode 'outputs' to avoid re-running this script phase.\necho \"SUCCESS\" > \"${SCRIPT_OUTPUT_FILE_0}\"\n";
			showEnvVarsInLog = 0;
		};
/* End PBXShellScriptBuildPhase section */

/* Begin PBXSourcesBuildPhase section */
		ABA6BF0A2AFC600900915D29 /* Sources */ = {
			isa = PBXSourcesBuildPhase;
			buildActionMask = 2147483647;
			files = (
				ABA6BF162AFC600900915D29 /* ViewController.swift in Sources */,
				ABA6BF122AFC600900915D29 /* AppDelegate.swift in Sources */,
				ABA6BF142AFC600900915D29 /* SceneDelegate.swift in Sources */,
			);
			runOnlyForDeploymentPostprocessing = 0;
		};
		ABA6BF202AFC600A00915D29 /* Sources */ = {
			isa = PBXSourcesBuildPhase;
			buildActionMask = 2147483647;
			files = (
				ABA6BF292AFC600A00915D29 /* ForDiscovery2_0Tests.swift in Sources */,
			);
			runOnlyForDeploymentPostprocessing = 0;
		};
		ABA6BF2A2AFC600A00915D29 /* Sources */ = {
			isa = PBXSourcesBuildPhase;
			buildActionMask = 2147483647;
			files = (
				ABA6BF332AFC600A00915D29 /* ForDiscovery2_0UITests.swift in Sources */,
				ABA6BF352AFC600A00915D29 /* ForDiscovery2_0UITestsLaunchTests.swift in Sources */,
			);
			runOnlyForDeploymentPostprocessing = 0;
		};
/* End PBXSourcesBuildPhase section */

/* Begin PBXTargetDependency section */
		ABA6BF262AFC600A00915D29 /* PBXTargetDependency */ = {
			isa = PBXTargetDependency;
			target = ABA6BF0D2AFC600900915D29 /* ForDiscovery2.0 */;
			targetProxy = ABA6BF252AFC600A00915D29 /* PBXContainerItemProxy */;
		};
		ABA6BF302AFC600A00915D29 /* PBXTargetDependency */ = {
			isa = PBXTargetDependency;
			target = ABA6BF0D2AFC600900915D29 /* ForDiscovery2.0 */;
			targetProxy = ABA6BF2F2AFC600A00915D29 /* PBXContainerItemProxy */;
		};
/* End PBXTargetDependency section */

/* Begin PBXVariantGroup section */
		ABA6BF172AFC600900915D29 /* Main.storyboard */ = {
			isa = PBXVariantGroup;
			children = (
				ABA6BF182AFC600900915D29 /* Base */,
			);
			name = Main.storyboard;
			sourceTree = "<group>";
		};
		ABA6BF1C2AFC600A00915D29 /* LaunchScreen.storyboard */ = {
			isa = PBXVariantGroup;
			children = (
				ABA6BF1D2AFC600A00915D29 /* Base */,
			);
			name = LaunchScreen.storyboard;
			sourceTree = "<group>";
		};
/* End PBXVariantGroup section */

/* Begin XCBuildConfiguration section */
		ABA6BF362AFC600A00915D29 /* Debug */ = {
			isa = XCBuildConfiguration;
			buildSettings = {
				ALWAYS_SEARCH_USER_PATHS = NO;
				ASSETCATALOG_COMPILER_GENERATE_SWIFT_ASSET_SYMBOL_EXTENSIONS = YES;
				CLANG_ANALYZER_NONNULL = YES;
				CLANG_ANALYZER_NUMBER_OBJECT_CONVERSION = YES_AGGRESSIVE;
				CLANG_CXX_LANGUAGE_STANDARD = "gnu++20";
				CLANG_ENABLE_MODULES = YES;
				CLANG_ENABLE_OBJC_ARC = YES;
				CLANG_ENABLE_OBJC_WEAK = YES;
				CLANG_WARN_BLOCK_CAPTURE_AUTORELEASING = YES;
				CLANG_WARN_BOOL_CONVERSION = YES;
				CLANG_WARN_COMMA = YES;
				CLANG_WARN_CONSTANT_CONVERSION = YES;
				CLANG_WARN_DEPRECATED_OBJC_IMPLEMENTATIONS = YES;
				CLANG_WARN_DIRECT_OBJC_ISA_USAGE = YES_ERROR;
				CLANG_WARN_DOCUMENTATION_COMMENTS = YES;
				CLANG_WARN_EMPTY_BODY = YES;
				CLANG_WARN_ENUM_CONVERSION = YES;
				CLANG_WARN_INFINITE_RECURSION = YES;
				CLANG_WARN_INT_CONVERSION = YES;
				CLANG_WARN_NON_LITERAL_NULL_CONVERSION = YES;
				CLANG_WARN_OBJC_IMPLICIT_RETAIN_SELF = YES;
				CLANG_WARN_OBJC_LITERAL_CONVERSION = YES;
				CLANG_WARN_OBJC_ROOT_CLASS = YES_ERROR;
				CLANG_WARN_QUOTED_INCLUDE_IN_FRAMEWORK_HEADER = YES;
				CLANG_WARN_RANGE_LOOP_ANALYSIS = YES;
				CLANG_WARN_STRICT_PROTOTYPES = YES;
				CLANG_WARN_SUSPICIOUS_MOVE = YES;
				CLANG_WARN_UNGUARDED_AVAILABILITY = YES_AGGRESSIVE;
				CLANG_WARN_UNREACHABLE_CODE = YES;
				CLANG_WARN__DUPLICATE_METHOD_MATCH = YES;
				COPY_PHASE_STRIP = NO;
				DEBUG_INFORMATION_FORMAT = dwarf;
				ENABLE_STRICT_OBJC_MSGSEND = YES;
				ENABLE_TESTABILITY = YES;
				ENABLE_USER_SCRIPT_SANDBOXING = YES;
				GCC_C_LANGUAGE_STANDARD = gnu17;
				GCC_DYNAMIC_NO_PIC = NO;
				GCC_NO_COMMON_BLOCKS = YES;
				GCC_OPTIMIZATION_LEVEL = 0;
				GCC_PREPROCESSOR_DEFINITIONS = (
					"DEBUG=1",
					"$(inherited)",
				);
				GCC_WARN_64_TO_32_BIT_CONVERSION = YES;
				GCC_WARN_ABOUT_RETURN_TYPE = YES_ERROR;
				GCC_WARN_UNDECLARED_SELECTOR = YES;
				GCC_WARN_UNINITIALIZED_AUTOS = YES_AGGRESSIVE;
				GCC_WARN_UNUSED_FUNCTION = YES;
				GCC_WARN_UNUSED_VARIABLE = YES;
				IPHONEOS_DEPLOYMENT_TARGET = 13.0;
				LOCALIZATION_PREFERS_STRING_CATALOGS = YES;
				MTL_ENABLE_DEBUG_INFO = INCLUDE_SOURCE;
				MTL_FAST_MATH = YES;
				ONLY_ACTIVE_ARCH = YES;
				SDKROOT = iphoneos;
				SWIFT_ACTIVE_COMPILATION_CONDITIONS = "DEBUG $(inherited)";
				SWIFT_OPTIMIZATION_LEVEL = "-Onone";
			};
			name = Debug;
		};
		ABA6BF372AFC600A00915D29 /* Release */ = {
			isa = XCBuildConfiguration;
			buildSettings = {
				ALWAYS_SEARCH_USER_PATHS = NO;
				ASSETCATALOG_COMPILER_GENERATE_SWIFT_ASSET_SYMBOL_EXTENSIONS = YES;
				CLANG_ANALYZER_NONNULL = YES;
				CLANG_ANALYZER_NUMBER_OBJECT_CONVERSION = YES_AGGRESSIVE;
				CLANG_CXX_LANGUAGE_STANDARD = "gnu++20";
				CLANG_ENABLE_MODULES = YES;
				CLANG_ENABLE_OBJC_ARC = YES;
				CLANG_ENABLE_OBJC_WEAK = YES;
				CLANG_WARN_BLOCK_CAPTURE_AUTORELEASING = YES;
				CLANG_WARN_BOOL_CONVERSION = YES;
				CLANG_WARN_COMMA = YES;
				CLANG_WARN_CONSTANT_CONVERSION = YES;
				CLANG_WARN_DEPRECATED_OBJC_IMPLEMENTATIONS = YES;
				CLANG_WARN_DIRECT_OBJC_ISA_USAGE = YES_ERROR;
				CLANG_WARN_DOCUMENTATION_COMMENTS = YES;
				CLANG_WARN_EMPTY_BODY = YES;
				CLANG_WARN_ENUM_CONVERSION = YES;
				CLANG_WARN_INFINITE_RECURSION = YES;
				CLANG_WARN_INT_CONVERSION = YES;
				CLANG_WARN_NON_LITERAL_NULL_CONVERSION = YES;
				CLANG_WARN_OBJC_IMPLICIT_RETAIN_SELF = YES;
				CLANG_WARN_OBJC_LITERAL_CONVERSION = YES;
				CLANG_WARN_OBJC_ROOT_CLASS = YES_ERROR;
				CLANG_WARN_QUOTED_INCLUDE_IN_FRAMEWORK_HEADER = YES;
				CLANG_WARN_RANGE_LOOP_ANALYSIS = YES;
				CLANG_WARN_STRICT_PROTOTYPES = YES;
				CLANG_WARN_SUSPICIOUS_MOVE = YES;
				CLANG_WARN_UNGUARDED_AVAILABILITY = YES_AGGRESSIVE;
				CLANG_WARN_UNREACHABLE_CODE = YES;
				CLANG_WARN__DUPLICATE_METHOD_MATCH = YES;
				COPY_PHASE_STRIP = NO;
				DEBUG_INFORMATION_FORMAT = "dwarf-with-dsym";
				ENABLE_NS_ASSERTIONS = NO;
				ENABLE_STRICT_OBJC_MSGSEND = YES;
				ENABLE_USER_SCRIPT_SANDBOXING = YES;
				GCC_C_LANGUAGE_STANDARD = gnu17;
				GCC_NO_COMMON_BLOCKS = YES;
				GCC_WARN_64_TO_32_BIT_CONVERSION = YES;
				GCC_WARN_ABOUT_RETURN_TYPE = YES_ERROR;
				GCC_WARN_UNDECLARED_SELECTOR = YES;
				GCC_WARN_UNINITIALIZED_AUTOS = YES_AGGRESSIVE;
				GCC_WARN_UNUSED_FUNCTION = YES;
				GCC_WARN_UNUSED_VARIABLE = YES;
				IPHONEOS_DEPLOYMENT_TARGET = 13.0;
				LOCALIZATION_PREFERS_STRING_CATALOGS = YES;
				MTL_ENABLE_DEBUG_INFO = NO;
				MTL_FAST_MATH = YES;
				SDKROOT = iphoneos;
				SWIFT_COMPILATION_MODE = wholemodule;
				VALIDATE_PRODUCT = YES;
			};
			name = Release;
		};
		ABA6BF392AFC600A00915D29 /* Debug */ = {
			isa = XCBuildConfiguration;
			baseConfigurationReference = DFEA1A741765B472F3C6CD83 /* Pods-ForDiscovery2.0.debug.xcconfig */;
			buildSettings = {
				ASSETCATALOG_COMPILER_APPICON_NAME = AppIcon;
				ASSETCATALOG_COMPILER_GLOBAL_ACCENT_COLOR_NAME = AccentColor;
				CODE_SIGN_STYLE = Automatic;
				CURRENT_PROJECT_VERSION = 1;
				DEVELOPMENT_TEAM = NVHXX3267W;
				GENERATE_INFOPLIST_FILE = YES;
				INFOPLIST_FILE = ForDiscovery2.0/Info.plist;
				INFOPLIST_KEY_UIApplicationSupportsIndirectInputEvents = YES;
				INFOPLIST_KEY_UILaunchStoryboardName = LaunchScreen;
				INFOPLIST_KEY_UIMainStoryboardFile = Main;
				INFOPLIST_KEY_UISupportedInterfaceOrientations_iPad = "UIInterfaceOrientationPortrait UIInterfaceOrientationPortraitUpsideDown UIInterfaceOrientationLandscapeLeft UIInterfaceOrientationLandscapeRight";
				INFOPLIST_KEY_UISupportedInterfaceOrientations_iPhone = "UIInterfaceOrientationPortrait UIInterfaceOrientationLandscapeLeft UIInterfaceOrientationLandscapeRight";
				IPHONEOS_DEPLOYMENT_TARGET = 13.0;
				LD_RUNPATH_SEARCH_PATHS = (
					"$(inherited)",
					"@executable_path/Frameworks",
				);
				MARKETING_VERSION = 1.0;
				PRODUCT_BUNDLE_IDENTIFIER = "efekangvndk.com.ForDiscovery2-0";
				PRODUCT_NAME = "$(TARGET_NAME)";
				SWIFT_EMIT_LOC_STRINGS = YES;
				SWIFT_VERSION = 5.0;
				TARGETED_DEVICE_FAMILY = "1,2";
			};
			name = Debug;
		};
		ABA6BF3A2AFC600A00915D29 /* Release */ = {
			isa = XCBuildConfiguration;
			baseConfigurationReference = D206ACEFB538FDE80C264DC3 /* Pods-ForDiscovery2.0.release.xcconfig */;
			buildSettings = {
				ASSETCATALOG_COMPILER_APPICON_NAME = AppIcon;
				ASSETCATALOG_COMPILER_GLOBAL_ACCENT_COLOR_NAME = AccentColor;
				CODE_SIGN_STYLE = Automatic;
				CURRENT_PROJECT_VERSION = 1;
				DEVELOPMENT_TEAM = NVHXX3267W;
				GENERATE_INFOPLIST_FILE = YES;
				INFOPLIST_FILE = ForDiscovery2.0/Info.plist;
				INFOPLIST_KEY_UIApplicationSupportsIndirectInputEvents = YES;
				INFOPLIST_KEY_UILaunchStoryboardName = LaunchScreen;
				INFOPLIST_KEY_UIMainStoryboardFile = Main;
				INFOPLIST_KEY_UISupportedInterfaceOrientations_iPad = "UIInterfaceOrientationPortrait UIInterfaceOrientationPortraitUpsideDown UIInterfaceOrientationLandscapeLeft UIInterfaceOrientationLandscapeRight";
				INFOPLIST_KEY_UISupportedInterfaceOrientations_iPhone = "UIInterfaceOrientationPortrait UIInterfaceOrientationLandscapeLeft UIInterfaceOrientationLandscapeRight";
				IPHONEOS_DEPLOYMENT_TARGET = 13.0;
				LD_RUNPATH_SEARCH_PATHS = (
					"$(inherited)",
					"@executable_path/Frameworks",
				);
				MARKETING_VERSION = 1.0;
				PRODUCT_BUNDLE_IDENTIFIER = "efekangvndk.com.ForDiscovery2-0";
				PRODUCT_NAME = "$(TARGET_NAME)";
				SWIFT_EMIT_LOC_STRINGS = YES;
				SWIFT_VERSION = 5.0;
				TARGETED_DEVICE_FAMILY = "1,2";
			};
			name = Release;
		};
		ABA6BF3C2AFC600A00915D29 /* Debug */ = {
			isa = XCBuildConfiguration;
			baseConfigurationReference = D96A49465D118A224612B5D4 /* Pods-ForDiscovery2.0Tests.debug.xcconfig */;
			buildSettings = {
				ALWAYS_EMBED_SWIFT_STANDARD_LIBRARIES = YES;
				BUNDLE_LOADER = "$(TEST_HOST)";
				CODE_SIGN_STYLE = Automatic;
				CURRENT_PROJECT_VERSION = 1;
				DEVELOPMENT_TEAM = NVHXX3267W;
				GENERATE_INFOPLIST_FILE = YES;
				IPHONEOS_DEPLOYMENT_TARGET = 17.0;
				MARKETING_VERSION = 1.0;
				PRODUCT_BUNDLE_IDENTIFIER = "efekangvndk.com.ForDiscovery2-0Tests";
				PRODUCT_NAME = "$(TARGET_NAME)";
				SWIFT_EMIT_LOC_STRINGS = NO;
				SWIFT_VERSION = 5.0;
				TARGETED_DEVICE_FAMILY = "1,2";
				TEST_HOST = "$(BUILT_PRODUCTS_DIR)/ForDiscovery2.0.app/$(BUNDLE_EXECUTABLE_FOLDER_PATH)/ForDiscovery2.0";
			};
			name = Debug;
		};
		ABA6BF3D2AFC600A00915D29 /* Release */ = {
			isa = XCBuildConfiguration;
			baseConfigurationReference = CB765870D466FE927D50CE73 /* Pods-ForDiscovery2.0Tests.release.xcconfig */;
			buildSettings = {
				ALWAYS_EMBED_SWIFT_STANDARD_LIBRARIES = YES;
				BUNDLE_LOADER = "$(TEST_HOST)";
				CODE_SIGN_STYLE = Automatic;
				CURRENT_PROJECT_VERSION = 1;
				DEVELOPMENT_TEAM = NVHXX3267W;
				GENERATE_INFOPLIST_FILE = YES;
				IPHONEOS_DEPLOYMENT_TARGET = 17.0;
				MARKETING_VERSION = 1.0;
				PRODUCT_BUNDLE_IDENTIFIER = "efekangvndk.com.ForDiscovery2-0Tests";
				PRODUCT_NAME = "$(TARGET_NAME)";
				SWIFT_EMIT_LOC_STRINGS = NO;
				SWIFT_VERSION = 5.0;
				TARGETED_DEVICE_FAMILY = "1,2";
				TEST_HOST = "$(BUILT_PRODUCTS_DIR)/ForDiscovery2.0.app/$(BUNDLE_EXECUTABLE_FOLDER_PATH)/ForDiscovery2.0";
			};
			name = Release;
		};
		ABA6BF3F2AFC600A00915D29 /* Debug */ = {
			isa = XCBuildConfiguration;
			baseConfigurationReference = 9DA9A5727E385C368F225377 /* Pods-ForDiscovery2.0-ForDiscovery2.0UITests.debug.xcconfig */;
			buildSettings = {
				ALWAYS_EMBED_SWIFT_STANDARD_LIBRARIES = YES;
				CODE_SIGN_STYLE = Automatic;
				CURRENT_PROJECT_VERSION = 1;
				DEVELOPMENT_TEAM = NVHXX3267W;
				GENERATE_INFOPLIST_FILE = YES;
				MARKETING_VERSION = 1.0;
				PRODUCT_BUNDLE_IDENTIFIER = "efekangvndk.com.ForDiscovery2-0UITests";
				PRODUCT_NAME = "$(TARGET_NAME)";
				SWIFT_EMIT_LOC_STRINGS = NO;
				SWIFT_VERSION = 5.0;
				TARGETED_DEVICE_FAMILY = "1,2";
				TEST_TARGET_NAME = ForDiscovery2.0;
			};
			name = Debug;
		};
		ABA6BF402AFC600A00915D29 /* Release */ = {
			isa = XCBuildConfiguration;
			baseConfigurationReference = EF35490A4C2015D372867FF1 /* Pods-ForDiscovery2.0-ForDiscovery2.0UITests.release.xcconfig */;
			buildSettings = {
				ALWAYS_EMBED_SWIFT_STANDARD_LIBRARIES = YES;
				CODE_SIGN_STYLE = Automatic;
				CURRENT_PROJECT_VERSION = 1;
				DEVELOPMENT_TEAM = NVHXX3267W;
				GENERATE_INFOPLIST_FILE = YES;
				MARKETING_VERSION = 1.0;
				PRODUCT_BUNDLE_IDENTIFIER = "efekangvndk.com.ForDiscovery2-0UITests";
				PRODUCT_NAME = "$(TARGET_NAME)";
				SWIFT_EMIT_LOC_STRINGS = NO;
				SWIFT_VERSION = 5.0;
				TARGETED_DEVICE_FAMILY = "1,2";
				TEST_TARGET_NAME = ForDiscovery2.0;
			};
			name = Release;
		};
/* End XCBuildConfiguration section */

/* Begin XCConfigurationList section */
		ABA6BF092AFC600900915D29 /* Build configuration list for PBXProject "ForDiscovery2.0" */ = {
			isa = XCConfigurationList;
			buildConfigurations = (
				ABA6BF362AFC600A00915D29 /* Debug */,
				ABA6BF372AFC600A00915D29 /* Release */,
			);
			defaultConfigurationIsVisible = 0;
			defaultConfigurationName = Release;
		};
		ABA6BF382AFC600A00915D29 /* Build configuration list for PBXNativeTarget "ForDiscovery2.0" */ = {
			isa = XCConfigurationList;
			buildConfigurations = (
				ABA6BF392AFC600A00915D29 /* Debug */,
				ABA6BF3A2AFC600A00915D29 /* Release */,
			);
			defaultConfigurationIsVisible = 0;
			defaultConfigurationName = Release;
		};
		ABA6BF3B2AFC600A00915D29 /* Build configuration list for PBXNativeTarget "ForDiscovery2.0Tests" */ = {
			isa = XCConfigurationList;
			buildConfigurations = (
				ABA6BF3C2AFC600A00915D29 /* Debug */,
				ABA6BF3D2AFC600A00915D29 /* Release */,
			);
			defaultConfigurationIsVisible = 0;
			defaultConfigurationName = Release;
		};
		ABA6BF3E2AFC600A00915D29 /* Build configuration list for PBXNativeTarget "ForDiscovery2.0UITests" */ = {
			isa = XCConfigurationList;
			buildConfigurations = (
				ABA6BF3F2AFC600A00915D29 /* Debug */,
				ABA6BF402AFC600A00915D29 /* Release */,
			);
			defaultConfigurationIsVisible = 0;
			defaultConfigurationName = Release;
		};
/* End XCConfigurationList section */
	};
	rootObject = ABA6BF062AFC600900915D29 /* Project object */;
}
